// !$*UTF8*$!
{
	archiveVersion = 1;
	classes = {
	};
	objectVersion = 46;
	objects = {

/* Begin PBXBuildFile section */
		2E5DFE921BD0822200C7470E /* main.m in Sources */ = {isa = PBXBuildFile; fileRef = 2E5DFE911BD0822200C7470E /* main.m */; };
		2E5DFE951BD0822200C7470E /* AppDelegate.m in Sources */ = {isa = PBXBuildFile; fileRef = 2E5DFE941BD0822200C7470E /* AppDelegate.m */; };
		2E5DFE981BD0822200C7470E /* ViewController.m in Sources */ = {isa = PBXBuildFile; fileRef = 2E5DFE971BD0822200C7470E /* ViewController.m */; };
		2E5DFE9B1BD0822200C7470E /* Main.storyboard in Resources */ = {isa = PBXBuildFile; fileRef = 2E5DFE991BD0822200C7470E /* Main.storyboard */; };
		2E5DFE9D1BD0822200C7470E /* Assets.xcassets in Resources */ = {isa = PBXBuildFile; fileRef = 2E5DFE9C1BD0822200C7470E /* Assets.xcassets */; };
		2E5DFEA01BD0822200C7470E /* LaunchScreen.storyboard in Resources */ = {isa = PBXBuildFile; fileRef = 2E5DFE9E1BD0822200C7470E /* LaunchScreen.storyboard */; };
/* End PBXBuildFile section */

/* Begin PBXFileReference section */
		2E5DFE8D1BD0822200C7470E /* PaperLike.app */ = {isa = PBXFileReference; explicitFileType = wrapper.application; includeInIndex = 0; path = PaperLike.app; sourceTree = BUILT_PRODUCTS_DIR; };
		2E5DFE911BD0822200C7470E /* main.m */ = {isa = PBXFileReference; lastKnownFileType = sourcecode.c.objc; path = main.m; sourceTree = "<group>"; };
		2E5DFE931BD0822200C7470E /* AppDelegate.h */ = {isa = PBXFileReference; lastKnownFileType = sourcecode.c.h; path = AppDelegate.h; sourceTree = "<group>"; };
		2E5DFE941BD0822200C7470E /* AppDelegate.m */ = {isa = PBXFileReference; lastKnownFileType = sourcecode.c.objc; path = AppDelegate.m; sourceTree = "<group>"; };
		2E5DFE961BD0822200C7470E /* ViewController.h */ = {isa = PBXFileReference; lastKnownFileType = sourcecode.c.h; path = ViewController.h; sourceTree = "<group>"; };
		2E5DFE971BD0822200C7470E /* ViewController.m */ = {isa = PBXFileReference; lastKnownFileType = sourcecode.c.objc; path = ViewController.m; sourceTree = "<group>"; };
		2E5DFE9A1BD0822200C7470E /* Base */ = {isa = PBXFileReference; lastKnownFileType = file.storyboard; name = Base; path = Base.lproj/Main.storyboard; sourceTree = "<group>"; };
		2E5DFE9C1BD0822200C7470E /* Assets.xcassets */ = {isa = PBXFileReference; lastKnownFileType = folder.assetcatalog; path = Assets.xcassets; sourceTree = "<group>"; };
		2E5DFE9F1BD0822200C7470E /* Base */ = {isa = PBXFileReference; lastKnownFileType = file.storyboard; name = Base; path = Base.lproj/LaunchScreen.storyboard; sourceTree = "<group>"; };
		2E5DFEA11BD0822200C7470E /* Info.plist */ = {isa = PBXFileReference; lastKnownFileType = text.plist.xml; path = Info.plist; sourceTree = "<group>"; };
/* End PBXFileReference section */

/* Begin PBXFrameworksBuildPhase section */
		2E5DFE8A1BD0822200C7470E /* Frameworks */ = {
			isa = PBXFrameworksBuildPhase;
			buildActionMask = 2147483647;
			files = (
			);
			runOnlyForDeploymentPostprocessing = 0;
		};
/* End PBXFrameworksBuildPhase section */

/* Begin PBXGroup section */
		2E5DFE841BD0822200C7470E = {
			isa = PBXGroup;
			children = (
				2E5DFE8F1BD0822200C7470E /* PaperLike */,
				2E5DFE8E1BD0822200C7470E /* Products */,
			);
			sourceTree = "<group>";
		};
		2E5DFE8E1BD0822200C7470E /* Products */ = {
			isa = PBXGroup;
			children = (
				2E5DFE8D1BD0822200C7470E /* PaperLike.app */,
			);
			name = Products;
			sourceTree = "<group>";
		};
		2E5DFE8F1BD0822200C7470E /* PaperLike */ = {
			isa = PBXGroup;
			children = (
				2E5DFE931BD0822200C7470E /* AppDelegate.h */,
				2E5DFE941BD0822200C7470E /* AppDelegate.m */,
				2E5DFE961BD0822200C7470E /* ViewController.h */,
				2E5DFE971BD0822200C7470E /* ViewController.m */,
				2E5DFE991BD0822200C7470E /* Main.storyboard */,
				2E5DFE9C1BD0822200C7470E /* Assets.xcassets */,
				2E5DFE9E1BD0822200C7470E /* LaunchScreen.storyboard */,
				2E5DFEA11BD0822200C7470E /* Info.plist */,
				2E5DFE901BD0822200C7470E /* Supporting Files */,
			);
			path = PaperLike;
			sourceTree = "<group>";
		};
		2E5DFE901BD0822200C7470E /* Supporting Files */ = {
			isa = PBXGroup;
			children = (
				2E5DFE911BD0822200C7470E /* main.m */,
			);
			name = "Supporting Files";
			sourceTree = "<group>";
		};
/* End PBXGroup section */

/* Begin PBXNativeTarget section */
		2E5DFE8C1BD0822200C7470E /* PaperLike */ = {
			isa = PBXNativeTarget;
			buildConfigurationList = 2E5DFEA41BD0822200C7470E /* Build configuration list for PBXNativeTarget "PaperLike" */;
			buildPhases = (
				2E5DFE891BD0822200C7470E /* Sources */,
				2E5DFE8A1BD0822200C7470E /* Frameworks */,
				2E5DFE8B1BD0822200C7470E /* Resources */,
			);
			buildRules = (
			);
			dependencies = (
			);
			name = PaperLike;
			productName = PaperLike;
			productReference = 2E5DFE8D1BD0822200C7470E /* PaperLike.app */;
			productType = "com.apple.product-type.application";
		};
/* End PBXNativeTarget section */

/* Begin PBXProject section */
		2E5DFE851BD0822200C7470E /* Project object */ = {
			isa = PBXProject;
			attributes = {
				LastUpgradeCheck = 0700;
				ORGANIZATIONNAME = guoshencheng;
				TargetAttributes = {
					2E5DFE8C1BD0822200C7470E = {
						CreatedOnToolsVersion = 7.0;
					};
				};
			};
			buildConfigurationList = 2E5DFE881BD0822200C7470E /* Build configuration list for PBXProject "PaperLike" */;
			compatibilityVersion = "Xcode 3.2";
			developmentRegion = English;
			hasScannedForEncodings = 0;
			knownRegions = (
				en,
				Base,
			);
			mainGroup = 2E5DFE841BD0822200C7470E;
			productRefGroup = 2E5DFE8E1BD0822200C7470E /* Products */;
			projectDirPath = "";
			projectRoot = "";
			targets = (
				2E5DFE8C1BD0822200C7470E /* PaperLike */,
			);
		};
/* End PBXProject section */

/* Begin PBXResourcesBuildPhase section */
		2E5DFE8B1BD0822200C7470E /* Resources */ = {
			isa = PBXResourcesBuildPhase;
			buildActionMask = 2147483647;
			files = (
				2E5DFEA01BD0822200C7470E /* LaunchScreen.storyboard in Resources */,
				2E5DFE9D1BD0822200C7470E /* Assets.xcassets in Resources */,
				2E5DFE9B1BD0822200C7470E /* Main.storyboard in Resources */,
			);
			runOnlyForDeploymentPostprocessing = 0;
		};
/* End PBXResourcesBuildPhase section */

/* Begin PBXSourcesBuildPhase section */
		2E5DFE891BD0822200C7470E /* Sources */ = {
			isa = PBXSourcesBuildPhase;
			buildActionMask = 2147483647;
			files = (
				2E5DFE981BD0822200C7470E /* ViewController.m in Sources */,
				2E5DFE951BD0822200C7470E /* AppDelegate.m in Sources */,
				2E5DFE921BD0822200C7470E /* main.m in Sources */,
			);
			runOnlyForDeploymentPostprocessing = 0;
		};
/* End PBXSourcesBuildPhase section */

/* Begin PBXVariantGroup section */
		2E5DFE991BD0822200C7470E /* Main.storyboard */ = {
			isa = PBXVariantGroup;
			children = (
				2E5DFE9A1BD0822200C7470E /* Base */,
			);
			name = Main.storyboard;
			sourceTree = "<group>";
		};
		2E5DFE9E1BD0822200C7470E /* LaunchScreen.storyboard */ = {
			isa = PBXVariantGroup;
			children = (
				2E5DFE9F1BD0822200C7470E /* Base */,
			);
			name = LaunchScreen.storyboard;
			sourceTree = "<group>";
		};
/* End PBXVariantGroup section */

/* Begin XCBuildConfiguration section */
		2E5DFEA21BD0822200C7470E /* Debug */ = {
			isa = XCBuildConfiguration;
			buildSettings = {
				ALWAYS_SEARCH_USER_PATHS = NO;
				CLANG_CXX_LANGUAGE_STANDARD = "gnu++0x";
				CLANG_CXX_LIBRARY = "libc++";
				CLANG_ENABLE_MODULES = YES;
				CLANG_ENABLE_OBJC_ARC = YES;
				CLANG_WARN_BOOL_CONVERSION = YES;
				CLANG_WARN_CONSTANT_CONVERSION = YES;
				CLANG_WARN_DIRECT_OBJC_ISA_USAGE = YES_ERROR;
				CLANG_WARN_EMPTY_BODY = YES;
				CLANG_WARN_ENUM_CONVERSION = YES;
				CLANG_WARN_INT_CONVERSION = YES;
				CLANG_WARN_OBJC_ROOT_CLASS = YES_ERROR;
				CLANG_WARN_UNREACHABLE_CODE = YES;
				CLANG_WARN__DUPLICATE_METHOD_MATCH = YES;
				"CODE_SIGN_IDENTITY[sdk=iphoneos*]" = "iPhone Developer";
				COPY_PHASE_STRIP = NO;
				DEBUG_INFORMATION_FORMAT = dwarf;
				ENABLE_STRICT_OBJC_MSGSEND = YES;
				ENABLE_TESTABILITY = YES;
				GCC_C_LANGUAGE_STANDARD = gnu99;
				GCC_DYNAMIC_NO_PIC = NO;
				GCC_NO_COMMON_BLOCKS = YES;
				GCC_OPTIMIZATION_LEVEL = 0;
				GCC_PREPROCESSOR_DEFINITIONS = (
					"DEBUG=1",
					"$(inherited)",
				);
				GCC_WARN_64_TO_32_BIT_CONVERSION = YES;
				GCC_WARN_ABOUT_RETURN_TYPE = YES_ERROR;
				GCC_WARN_UNDECLARED_SELECTOR = YES;
				GCC_WARN_UNINITIALIZED_AUTOS = YES_AGGRESSIVE;
				GCC_WARN_UNUSED_FUNCTION = YES;
				GCC_WARN_UNUSED_VARIABLE = YES;
				IPHONEOS_DEPLOYMENT_TARGET = 9.0;
				MTL_ENABLE_DEBUG_INFO = YES;
				ONLY_ACTIVE_ARCH = YES;
				SDKROOT = iphoneos;
			};
			name = Debug;
		};
		2E5DFEA31BD0822200C7470E /* Release */ = {
			isa = XCBuildConfiguration;
			buildSettings = {
				ALWAYS_SEARCH_USER_PATHS = NO;
				CLANG_CXX_LANGUAGE_STANDARD = "gnu++0x";
				CLANG_CXX_LIBRARY = "libc++";
				CLANG_ENABLE_MODULES = YES;
				CLANG_ENABLE_OBJC_ARC = YES;
				CLANG_WARN_BOOL_CONVERSION = YES;
				CLANG_WARN_CONSTANT_CONVERSION = YES;
				CLANG_WARN_DIRECT_OBJC_ISA_USAGE = YES_ERROR;
				CLANG_WARN_EMPTY_BODY = YES;
				CLANG_WARN_ENUM_CONVERSION = YES;
				CLANG_WARN_INT_CONVERSION = YES;
				CLANG_WARN_OBJC_ROOT_CLASS = YES_ERROR;
				CLANG_WARN_UNREACHABLE_CODE = YES;
				CLANG_WARN__DUPLICATE_METHOD_MATCH = YES;
				"CODE_SIGN_IDENTITY[sdk=iphoneos*]" = "iPhone Developer";
				COPY_PHASE_STRIP = NO;
				DEBUG_INFORMATION_FORMAT = "dwarf-with-dsym";
				ENABLE_NS_ASSERTIONS = NO;
				ENABLE_STRICT_OBJC_MSGSEND = YES;
				GCC_C_LANGUAGE_STANDARD = gnu99;
				GCC_NO_COMMON_BLOCKS = YES;
				GCC_WARN_64_TO_32_BIT_CONVERSION = YES;
				GCC_WARN_ABOUT_RETURN_TYPE = YES_ERROR;
				GCC_WARN_UNDECLARED_SELECTOR = YES;
				GCC_WARN_UNINITIALIZED_AUTOS = YES_AGGRESSIVE;
				GCC_WARN_UNUSED_FUNCTION = YES;
				GCC_WARN_UNUSED_VARIABLE = YES;
				IPHONEOS_DEPLOYMENT_TARGET = 9.0;
				MTL_ENABLE_DEBUG_INFO = NO;
				SDKROOT = iphoneos;
				VALIDATE_PRODUCT = YES;
			};
			name = Release;
		};
		2E5DFEA51BD0822200C7470E /* Debug */ = {
			isa = XCBuildConfiguration;
			buildSettings = {
				ASSETCATALOG_COMPILER_APPICON_NAME = AppIcon;
				INFOPLIST_FILE = PaperLike/Info.plist;
				LD_RUNPATH_SEARCH_PATHS = "$(inherited) @executable_path/Frameworks";
				PRODUCT_BUNDLE_IDENTIFIER = guoshencheng.PaperLike;
				PRODUCT_NAME = "$(TARGET_NAME)";
			};
			name = Debug;
		};
		2E5DFEA61BD0822200C7470E /* Release */ = {
			isa = XCBuildConfiguration;
			buildSettings = {
				ASSETCATALOG_COMPILER_APPICON_NAME = AppIcon;
				INFOPLIST_FILE = PaperLike/Info.plist;
				LD_RUNPATH_SEARCH_PATHS = "$(inherited) @executable_path/Frameworks";
				PRODUCT_BUNDLE_IDENTIFIER = guoshencheng.PaperLike;
				PRODUCT_NAME = "$(TARGET_NAME)";
			};
			name = Release;
		};
/* End XCBuildConfiguration section */

/* Begin XCConfigurationList section */
		2E5DFE881BD0822200C7470E /* Build configuration list for PBXProject "PaperLike" */ = {
			isa = XCConfigurationList;
			buildConfigurations = (
				2E5DFEA21BD0822200C7470E /* Debug */,
				2E5DFEA31BD0822200C7470E /* Release */,
			);
			defaultConfigurationIsVisible = 0;
			defaultConfigurationName = Release;
		};
		2E5DFEA41BD0822200C7470E /* Build configuration list for PBXNativeTarget "PaperLike" */ = {
			isa = XCConfigurationList;
			buildConfigurations = (
				2E5DFEA51BD0822200C7470E /* Debug */,
				2E5DFEA61BD0822200C7470E /* Release */,
			);
			defaultConfigurationIsVisible = 0;
		};
/* End XCConfigurationList section */
	};
	rootObject = 2E5DFE851BD0822200C7470E /* Project object */;
}
